
Microsoft Visual Studio Solution File, Format Version 11.00
# Visual Studio 2010
Project("{FAE04EC0-301F-11D3-BF4B-00C04F79EFBC}") = "BeltMoba", "Assembly-CSharp.csproj", "{55F68929-AEB7-2ED7-860E-2F2AC93A9873}"
EndProject
Project("{FAE04EC0-301F-11D3-BF4B-00C04F79EFBC}") = "BeltMoba", "Assembly-CSharp-Editor.csproj", "{35084F08-B6B7-3E27-4FA7-C498B787C99B}"
EndProject
Global
	GlobalSection(SolutionConfigurationPlatforms) = preSolution
		Debug|Any CPU = Debug|Any CPU
		Release|Any CPU = Release|Any CPU
	EndGlobalSection
	GlobalSection(ProjectConfigurationPlatforms) = postSolution
		{55F68929-AEB7-2ED7-860E-2F2AC93A9873}.Debug|Any CPU.ActiveCfg = Debug|Any CPU
		{55F68929-AEB7-2ED7-860E-2F2AC93A9873}.Debug|Any CPU.Build.0 = Debug|Any CPU
		{55F68929-AEB7-2ED7-860E-2F2AC93A9873}.Release|Any CPU.ActiveCfg = Release|Any CPU
		{55F68929-AEB7-2ED7-860E-2F2AC93A9873}.Release|Any CPU.Build.0 = Release|Any CPU
		{35084F08-B6B7-3E27-4FA7-C498B787C99B}.Debug|Any CPU.ActiveCfg = Debug|Any CPU
		{35084F08-B6B7-3E27-4FA7-C498B787C99B}.Debug|Any CPU.Build.0 = Debug|Any CPU
		{35084F08-B6B7-3E27-4FA7-C498B787C99B}.Release|Any CPU.ActiveCfg = Release|Any CPU
		{35084F08-B6B7-3E27-4FA7-C498B787C99B}.Release|Any CPU.Build.0 = Release|Any CPU
	EndGlobalSection
	GlobalSection(SolutionProperties) = preSolution
		HideSolutionNode = FALSE
	EndGlobalSection
	GlobalSection(MonoDevelopProperties) = preSolution
		StartupItem = Assembly-CSharp.csproj
	EndGlobalSection
EndGlobal
